
Microsoft Visual Studio Solution File, Format Version 12.00
# Visual Studio Version 16
VisualStudioVersion = 16.0.30907.101
MinimumVisualStudioVersion = 10.0.40219.1
Project("{FAE04EC0-301F-11D3-BF4B-00C04F79EFBC}") = "VogCodeChallenge.API", "VogCodeChallenge.API\VogCodeChallenge.API.csproj", "{2404DBB8-6E54-4059-B073-E220BD16A87A}"
EndProject
Global
	GlobalSection(SolutionConfigurationPlatforms) = preSolution
		Debug|Any CPU = Debug|Any CPU
		Release|Any CPU = Release|Any CPU
	EndGlobalSection
	GlobalSection(ProjectConfigurationPlatforms) = postSolution
		{2404DBB8-6E54-4059-B073-E220BD16A87A}.Debug|Any CPU.ActiveCfg = Debug|Any CPU
		{2404DBB8-6E54-4059-B073-E220BD16A87A}.Debug|Any CPU.Build.0 = Debug|Any CPU
		{2404DBB8-6E54-4059-B073-E220BD16A87A}.Release|Any CPU.ActiveCfg = Release|Any CPU
		{2404DBB8-6E54-4059-B073-E220BD16A87A}.Release|Any CPU.Build.0 = Release|Any CPU
	EndGlobalSection
	GlobalSection(SolutionProperties) = preSolution
		HideSolutionNode = FALSE
	EndGlobalSection
	GlobalSection(ExtensibilityGlobals) = postSolution
		SolutionGuid = {BCD08E57-79FC-4DC3-B101-28A3E62A7D46}
	EndGlobalSection
EndGlobal
